
Microsoft Visual Studio Solution File, Format Version 12.00
# Visual Studio Version 17
VisualStudioVersion = 17.5.002.0
MinimumVisualStudioVersion = 10.0.40219.1
Project("{9A19103F-16F7-4668-BE54-9A1E7A4F7556}") = "API", "API.csproj", "{CD74EFF9-A511-4B55-9894-0ED257C5289E}"
EndProject
Global
	GlobalSection(SolutionConfigurationPlatforms) = preSolution
		Debug|Any CPU = Debug|Any CPU
		Release|Any CPU = Release|Any CPU
	EndGlobalSection
	GlobalSection(ProjectConfigurationPlatforms) = postSolution
		{CD74EFF9-A511-4B55-9894-0ED257C5289E}.Debug|Any CPU.ActiveCfg = Debug|Any CPU
		{CD74EFF9-A511-4B55-9894-0ED257C5289E}.Debug|Any CPU.Build.0 = Debug|Any CPU
		{CD74EFF9-A511-4B55-9894-0ED257C5289E}.Release|Any CPU.ActiveCfg = Release|Any CPU
		{CD74EFF9-A511-4B55-9894-0ED257C5289E}.Release|Any CPU.Build.0 = Release|Any CPU
	EndGlobalSection
	GlobalSection(SolutionProperties) = preSolution
		HideSolutionNode = FALSE
	EndGlobalSection
	GlobalSection(ExtensibilityGlobals) = postSolution
		SolutionGuid = {2AD3226D-A081-4F5F-815B-C27375FD01AD}
	EndGlobalSection
EndGlobal
